
Microsoft Visual Studio Solution File, Format Version 12.00
# Visual Studio Version 17
VisualStudioVersion = 17.8.34330.188
MinimumVisualStudioVersion = 10.0.40219.1
Project("{FAE04EC0-301F-11D3-BF4B-00C04F79EFBC}") = "cat spoofer full", "cat spoofer full\cat spoofer full.csproj", "{651389D9-DC9B-4C51-9F8B-74BA058440D6}"
EndProject
Global
	GlobalSection(SolutionConfigurationPlatforms) = preSolution
		Debug|Any CPU = Debug|Any CPU
		Release|Any CPU = Release|Any CPU
	EndGlobalSection
	GlobalSection(ProjectConfigurationPlatforms) = postSolution
		{651389D9-DC9B-4C51-9F8B-74BA058440D6}.Debug|Any CPU.ActiveCfg = Debug|Any CPU
		{651389D9-DC9B-4C51-9F8B-74BA058440D6}.Debug|Any CPU.Build.0 = Debug|Any CPU
		{651389D9-DC9B-4C51-9F8B-74BA058440D6}.Release|Any CPU.ActiveCfg = Release|Any CPU
		{651389D9-DC9B-4C51-9F8B-74BA058440D6}.Release|Any CPU.Build.0 = Release|Any CPU
	EndGlobalSection
	GlobalSection(SolutionProperties) = preSolution
		HideSolutionNode = FALSE
	EndGlobalSection
	GlobalSection(ExtensibilityGlobals) = postSolution
		SolutionGuid = {CF14B013-6D91-40C6-B4E3-FFF64EB5AF31}
	EndGlobalSection
EndGlobal
